
Microsoft Visual Studio Solution File, Format Version 12.00
# Visual Studio Version 16
VisualStudioVersion = 16.0.30114.105
MinimumVisualStudioVersion = 10.0.40219.1
Project("{FAE04EC0-301F-11D3-BF4B-00C04F79EFBC}") = "testChatBot", "testChatBot\testChatBot.csproj", "{A7514AF1-8313-49D0-BA16-639C6DE0B5D3}"
EndProject
Project("{FAE04EC0-301F-11D3-BF4B-00C04F79EFBC}") = "answersDataAccess", "answersDataAccess\answersDataAccess.csproj", "{43705E66-E3B9-420A-A48C-3DBB9224E144}"
EndProject
Global
	GlobalSection(SolutionConfigurationPlatforms) = preSolution
		Debug|Any CPU = Debug|Any CPU
		Release|Any CPU = Release|Any CPU
	EndGlobalSection
	GlobalSection(ProjectConfigurationPlatforms) = postSolution
		{A7514AF1-8313-49D0-BA16-639C6DE0B5D3}.Debug|Any CPU.ActiveCfg = Debug|Any CPU
		{A7514AF1-8313-49D0-BA16-639C6DE0B5D3}.Debug|Any CPU.Build.0 = Debug|Any CPU
		{A7514AF1-8313-49D0-BA16-639C6DE0B5D3}.Release|Any CPU.ActiveCfg = Release|Any CPU
		{A7514AF1-8313-49D0-BA16-639C6DE0B5D3}.Release|Any CPU.Build.0 = Release|Any CPU
		{43705E66-E3B9-420A-A48C-3DBB9224E144}.Debug|Any CPU.ActiveCfg = Debug|Any CPU
		{43705E66-E3B9-420A-A48C-3DBB9224E144}.Debug|Any CPU.Build.0 = Debug|Any CPU
		{43705E66-E3B9-420A-A48C-3DBB9224E144}.Release|Any CPU.ActiveCfg = Release|Any CPU
		{43705E66-E3B9-420A-A48C-3DBB9224E144}.Release|Any CPU.Build.0 = Release|Any CPU
	EndGlobalSection
	GlobalSection(SolutionProperties) = preSolution
		HideSolutionNode = FALSE
	EndGlobalSection
	GlobalSection(ExtensibilityGlobals) = postSolution
		SolutionGuid = {6341CD24-1A67-4E5F-B05A-6E29D19ED33F}
	EndGlobalSection
EndGlobal
